
Microsoft Visual Studio Solution File, Format Version 12.00
# Visual Studio 15
VisualStudioVersion = 15.0.26730.16
MinimumVisualStudioVersion = 10.0.40219.1
Project("{FAE04EC0-301F-11D3-BF4B-00C04F79EFBC}") = "AdvisorsThesisSearchApp.Android", "AdvisorsThesisSearchApp\AdvisorsThesisSearchApp.Android\AdvisorsThesisSearchApp.Android.csproj", "{331A6746-5D07-4477-B019-C4C31F7767BD}"
EndProject
Project("{FAE04EC0-301F-11D3-BF4B-00C04F79EFBC}") = "AdvisorsThesisSearchApp.Views", "AdvisorsThesisSearchApp\AdvisorsThesisSearchApp\AdvisorsThesisSearchApp.Views.csproj", "{71AAF404-69D5-4E14-A99E-FE67B6F152E9}"
EndProject
Project("{FAE04EC0-301F-11D3-BF4B-00C04F79EFBC}") = "AdvisorsThesisSearchApp.UWP", "AdvisorsThesisSearchApp\AdvisorsThesisSearchApp.UWP\AdvisorsThesisSearchApp.UWP.csproj", "{AA905888-FFF7-44E9-94B7-5A8FBFADFDA6}"
EndProject
Project("{FAE04EC0-301F-11D3-BF4B-00C04F79EFBC}") = "AdvisorsThesisSearchApp.iOS", "AdvisorsThesisSearchApp\AdvisorsThesisSearchApp.iOS\AdvisorsThesisSearchApp.iOS.csproj", "{FAB28878-B1CB-4DA7-9624-05CCB7D4803B}"
EndProject
Project("{2150E333-8FDC-42A3-9474-1A3956D46DE8}") = "Core", "Core", "{E6335877-8FCB-4444-BDDB-B159FB6FD6EC}"
EndProject
Project("{FAE04EC0-301F-11D3-BF4B-00C04F79EFBC}") = "AdvisorsThesisSearchApp.Core", "AdvisorsThesisSearchApp.Core\AdvisorsThesisSearchApp.Core.csproj", "{75B84C8D-B922-4976-ACDB-612F50B72955}"
EndProject
Global
	GlobalSection(SolutionConfigurationPlatforms) = preSolution
		Ad-Hoc|Any CPU = Ad-Hoc|Any CPU
		Ad-Hoc|ARM = Ad-Hoc|ARM
		Ad-Hoc|iPhone = Ad-Hoc|iPhone
		Ad-Hoc|iPhoneSimulator = Ad-Hoc|iPhoneSimulator
		Ad-Hoc|x64 = Ad-Hoc|x64
		Ad-Hoc|x86 = Ad-Hoc|x86
		AppStore|Any CPU = AppStore|Any CPU
		AppStore|ARM = AppStore|ARM
		AppStore|iPhone = AppStore|iPhone
		AppStore|iPhoneSimulator = AppStore|iPhoneSimulator
		AppStore|x64 = AppStore|x64
		AppStore|x86 = AppStore|x86
		Debug|Any CPU = Debug|Any CPU
		Debug|ARM = Debug|ARM
		Debug|iPhone = Debug|iPhone
		Debug|iPhoneSimulator = Debug|iPhoneSimulator
		Debug|x64 = Debug|x64
		Debug|x86 = Debug|x86
		Release|Any CPU = Release|Any CPU
		Release|ARM = Release|ARM
		Release|iPhone = Release|iPhone
		Release|iPhoneSimulator = Release|iPhoneSimulator
		Release|x64 = Release|x64
		Release|x86 = Release|x86
	EndGlobalSection
	GlobalSection(ProjectConfigurationPlatforms) = postSolution
		{331A6746-5D07-4477-B019-C4C31F7767BD}.Ad-Hoc|Any CPU.ActiveCfg = Release|Any CPU
		{331A6746-5D07-4477-B019-C4C31F7767BD}.Ad-Hoc|Any CPU.Build.0 = Release|Any CPU
		{331A6746-5D07-4477-B019-C4C31F7767BD}.Ad-Hoc|Any CPU.Deploy.0 = Release|Any CPU
		{331A6746-5D07-4477-B019-C4C31F7767BD}.Ad-Hoc|ARM.ActiveCfg = Release|Any CPU
		{331A6746-5D07-4477-B019-C4C31F7767BD}.Ad-Hoc|ARM.Build.0 = Release|Any CPU
		{331A6746-5D07-4477-B019-C4C31F7767BD}.Ad-Hoc|ARM.Deploy.0 = Release|Any CPU
		{331A6746-5D07-4477-B019-C4C31F7767BD}.Ad-Hoc|iPhone.ActiveCfg = Release|Any CPU
		{331A6746-5D07-4477-B019-C4C31F7767BD}.Ad-Hoc|iPhone.Build.0 = Release|Any CPU
		{331A6746-5D07-4477-B019-C4C31F7767BD}.Ad-Hoc|iPhone.Deploy.0 = Release|Any CPU
		{331A6746-5D07-4477-B019-C4C31F7767BD}.Ad-Hoc|iPhoneSimulator.ActiveCfg = Release|Any CPU
		{331A6746-5D07-4477-B019-C4C31F7767BD}.Ad-Hoc|iPhoneSimulator.Build.0 = Release|Any CPU
		{331A6746-5D07-4477-B019-C4C31F7767BD}.Ad-Hoc|iPhoneSimulator.Deploy.0 = Release|Any CPU
		{331A6746-5D07-4477-B019-C4C31F7767BD}.Ad-Hoc|x64.ActiveCfg = Release|Any CPU
		{331A6746-5D07-4477-B019-C4C31F7767BD}.Ad-Hoc|x64.Build.0 = Release|Any CPU
		{331A6746-5D07-4477-B019-C4C31F7767BD}.Ad-Hoc|x64.Deploy.0 = Release|Any CPU
		{331A6746-5D07-4477-B019-C4C31F7767BD}.Ad-Hoc|x86.ActiveCfg = Release|Any CPU
		{331A6746-5D07-4477-B019-C4C31F7767BD}.Ad-Hoc|x86.Build.0 = Release|Any CPU
		{331A6746-5D07-4477-B019-C4C31F7767BD}.Ad-Hoc|x86.Deploy.0 = Release|Any CPU
		{331A6746-5D07-4477-B019-C4C31F7767BD}.AppStore|Any CPU.ActiveCfg = Release|Any CPU
		{331A6746-5D07-4477-B019-C4C31F7767BD}.AppStore|Any CPU.Build.0 = Release|Any CPU
		{331A6746-5D07-4477-B019-C4C31F7767BD}.AppStore|Any CPU.Deploy.0 = Release|Any CPU
		{331A6746-5D07-4477-B019-C4C31F7767BD}.AppStore|ARM.ActiveCfg = Release|Any CPU
		{331A6746-5D07-4477-B019-C4C31F7767BD}.AppStore|ARM.Build.0 = Release|Any CPU
		{331A6746-5D07-4477-B019-C4C31F7767BD}.AppStore|ARM.Deploy.0 = Release|Any CPU
		{331A6746-5D07-4477-B019-C4C31F7767BD}.AppStore|iPhone.ActiveCfg = Release|Any CPU
		{331A6746-5D07-4477-B019-C4C31F7767BD}.AppStore|iPhone.Build.0 = Release|Any CPU
		{331A6746-5D07-4477-B019-C4C31F7767BD}.AppStore|iPhone.Deploy.0 = Release|Any CPU
		{331A6746-5D07-4477-B019-C4C31F7767BD}.AppStore|iPhoneSimulator.ActiveCfg = Release|Any CPU
		{331A6746-5D07-4477-B019-C4C31F7767BD}.AppStore|iPhoneSimulator.Build.0 = Release|Any CPU
		{331A6746-5D07-4477-B019-C4C31F7767BD}.AppStore|iPhoneSimulator.Deploy.0 = Release|Any CPU
		{331A6746-5D07-4477-B019-C4C31F7767BD}.AppStore|x64.ActiveCfg = Release|Any CPU
		{331A6746-5D07-4477-B019-C4C31F7767BD}.AppStore|x64.Build.0 = Release|Any CPU
		{331A6746-5D07-4477-B019-C4C31F7767BD}.AppStore|x64.Deploy.0 = Release|Any CPU
		{331A6746-5D07-4477-B019-C4C31F7767BD}.AppStore|x86.ActiveCfg = Release|Any CPU
		{331A6746-5D07-4477-B019-C4C31F7767BD}.AppStore|x86.Build.0 = Release|Any CPU
		{331A6746-5D07-4477-B019-C4C31F7767BD}.AppStore|x86.Deploy.0 = Release|Any CPU
		{331A6746-5D07-4477-B019-C4C31F7767BD}.Debug|Any CPU.ActiveCfg = Debug|Any CPU
		{331A6746-5D07-4477-B019-C4C31F7767BD}.Debug|Any CPU.Build.0 = Debug|Any CPU
		{331A6746-5D07-4477-B019-C4C31F7767BD}.Debug|Any CPU.Deploy.0 = Debug|Any CPU
		{331A6746-5D07-4477-B019-C4C31F7767BD}.Debug|ARM.ActiveCfg = Debug|Any CPU
		{331A6746-5D07-4477-B019-C4C31F7767BD}.Debug|ARM.Build.0 = Debug|Any CPU
		{331A6746-5D07-4477-B019-C4C31F7767BD}.Debug|ARM.Deploy.0 = Debug|Any CPU
		{331A6746-5D07-4477-B019-C4C31F7767BD}.Debug|iPhone.ActiveCfg = Debug|Any CPU
		{331A6746-5D07-4477-B019-C4C31F7767BD}.Debug|iPhone.Build.0 = Debug|Any CPU
		{331A6746-5D07-4477-B019-C4C31F7767BD}.Debug|iPhone.Deploy.0 = Debug|Any CPU
		{331A6746-5D07-4477-B019-C4C31F7767BD}.Debug|iPhoneSimulator.ActiveCfg = Debug|Any CPU
		{331A6746-5D07-4477-B019-C4C31F7767BD}.Debug|iPhoneSimulator.Build.0 = Debug|Any CPU
		{331A6746-5D07-4477-B019-C4C31F7767BD}.Debug|iPhoneSimulator.Deploy.0 = Debug|Any CPU
		{331A6746-5D07-4477-B019-C4C31F7767BD}.Debug|x64.ActiveCfg = Debug|Any CPU
		{331A6746-5D07-4477-B019-C4C31F7767BD}.Debug|x64.Build.0 = Debug|Any CPU
		{331A6746-5D07-4477-B019-C4C31F7767BD}.Debug|x64.Deploy.0 = Debug|Any CPU
		{331A6746-5D07-4477-B019-C4C31F7767BD}.Debug|x86.ActiveCfg = Debug|Any CPU
		{331A6746-5D07-4477-B019-C4C31F7767BD}.Debug|x86.Build.0 = Debug|Any CPU
		{331A6746-5D07-4477-B019-C4C31F7767BD}.Debug|x86.Deploy.0 = Debug|Any CPU
		{331A6746-5D07-4477-B019-C4C31F7767BD}.Release|Any CPU.ActiveCfg = Release|Any CPU
		{331A6746-5D07-4477-B019-C4C31F7767BD}.Release|Any CPU.Build.0 = Release|Any CPU
		{331A6746-5D07-4477-B019-C4C31F7767BD}.Release|Any CPU.Deploy.0 = Release|Any CPU
		{331A6746-5D07-4477-B019-C4C31F7767BD}.Release|ARM.ActiveCfg = Release|Any CPU
		{331A6746-5D07-4477-B019-C4C31F7767BD}.Release|ARM.Build.0 = Release|Any CPU
		{331A6746-5D07-4477-B019-C4C31F7767BD}.Release|ARM.Deploy.0 = Release|Any CPU
		{331A6746-5D07-4477-B019-C4C31F7767BD}.Release|iPhone.ActiveCfg = Release|Any CPU
		{331A6746-5D07-4477-B019-C4C31F7767BD}.Release|iPhone.Build.0 = Release|Any CPU
		{331A6746-5D07-4477-B019-C4C31F7767BD}.Release|iPhone.Deploy.0 = Release|Any CPU
		{331A6746-5D07-4477-B019-C4C31F7767BD}.Release|iPhoneSimulator.ActiveCfg = Release|Any CPU
		{331A6746-5D07-4477-B019-C4C31F7767BD}.Release|iPhoneSimulator.Build.0 = Release|Any CPU
		{331A6746-5D07-4477-B019-C4C31F7767BD}.Release|iPhoneSimulator.Deploy.0 = Release|Any CPU
		{331A6746-5D07-4477-B019-C4C31F7767BD}.Release|x64.ActiveCfg = Release|Any CPU
		{331A6746-5D07-4477-B019-C4C31F7767BD}.Release|x64.Build.0 = Release|Any CPU
		{331A6746-5D07-4477-B019-C4C31F7767BD}.Release|x64.Deploy.0 = Release|Any CPU
		{331A6746-5D07-4477-B019-C4C31F7767BD}.Release|x86.ActiveCfg = Release|Any CPU
		{331A6746-5D07-4477-B019-C4C31F7767BD}.Release|x86.Build.0 = Release|Any CPU
		{331A6746-5D07-4477-B019-C4C31F7767BD}.Release|x86.Deploy.0 = Release|Any CPU
		{71AAF404-69D5-4E14-A99E-FE67B6F152E9}.Ad-Hoc|Any CPU.ActiveCfg = Release|Any CPU
		{71AAF404-69D5-4E14-A99E-FE67B6F152E9}.Ad-Hoc|Any CPU.Build.0 = Release|Any CPU
		{71AAF404-69D5-4E14-A99E-FE67B6F152E9}.Ad-Hoc|ARM.ActiveCfg = Release|Any CPU
		{71AAF404-69D5-4E14-A99E-FE67B6F152E9}.Ad-Hoc|ARM.Build.0 = Release|Any CPU
		{71AAF404-69D5-4E14-A99E-FE67B6F152E9}.Ad-Hoc|iPhone.ActiveCfg = Release|Any CPU
		{71AAF404-69D5-4E14-A99E-FE67B6F152E9}.Ad-Hoc|iPhone.Build.0 = Release|Any CPU
		{71AAF404-69D5-4E14-A99E-FE67B6F152E9}.Ad-Hoc|iPhoneSimulator.ActiveCfg = Release|Any CPU
		{71AAF404-69D5-4E14-A99E-FE67B6F152E9}.Ad-Hoc|iPhoneSimulator.Build.0 = Release|Any CPU
		{71AAF404-69D5-4E14-A99E-FE67B6F152E9}.Ad-Hoc|x64.ActiveCfg = Release|Any CPU
		{71AAF404-69D5-4E14-A99E-FE67B6F152E9}.Ad-Hoc|x64.Build.0 = Release|Any CPU
		{71AAF404-69D5-4E14-A99E-FE67B6F152E9}.Ad-Hoc|x86.ActiveCfg = Release|Any CPU
		{71AAF404-69D5-4E14-A99E-FE67B6F152E9}.Ad-Hoc|x86.Build.0 = Release|Any CPU
		{71AAF404-69D5-4E14-A99E-FE67B6F152E9}.AppStore|Any CPU.ActiveCfg = Release|Any CPU
		{71AAF404-69D5-4E14-A99E-FE67B6F152E9}.AppStore|Any CPU.Build.0 = Release|Any CPU
		{71AAF404-69D5-4E14-A99E-FE67B6F152E9}.AppStore|ARM.ActiveCfg = Release|Any CPU
		{71AAF404-69D5-4E14-A99E-FE67B6F152E9}.AppStore|ARM.Build.0 = Release|Any CPU
		{71AAF404-69D5-4E14-A99E-FE67B6F152E9}.AppStore|iPhone.ActiveCfg = Release|Any CPU
		{71AAF404-69D5-4E14-A99E-FE67B6F152E9}.AppStore|iPhone.Build.0 = Release|Any CPU
		{71AAF404-69D5-4E14-A99E-FE67B6F152E9}.AppStore|iPhoneSimulator.ActiveCfg = Release|Any CPU
		{71AAF404-69D5-4E14-A99E-FE67B6F152E9}.AppStore|iPhoneSimulator.Build.0 = Release|Any CPU
		{71AAF404-69D5-4E14-A99E-FE67B6F152E9}.AppStore|x64.ActiveCfg = Release|Any CPU
		{71AAF404-69D5-4E14-A99E-FE67B6F152E9}.AppStore|x64.Build.0 = Release|Any CPU
		{71AAF404-69D5-4E14-A99E-FE67B6F152E9}.AppStore|x86.ActiveCfg = Release|Any CPU
		{71AAF404-69D5-4E14-A99E-FE67B6F152E9}.AppStore|x86.Build.0 = Release|Any CPU
		{71AAF404-69D5-4E14-A99E-FE67B6F152E9}.Debug|Any CPU.ActiveCfg = Debug|Any CPU
		{71AAF404-69D5-4E14-A99E-FE67B6F152E9}.Debug|Any CPU.Build.0 = Debug|Any CPU
		{71AAF404-69D5-4E14-A99E-FE67B6F152E9}.Debug|ARM.ActiveCfg = Debug|Any CPU
		{71AAF404-69D5-4E14-A99E-FE67B6F152E9}.Debug|ARM.Build.0 = Debug|Any CPU
		{71AAF404-69D5-4E14-A99E-FE67B6F152E9}.Debug|iPhone.ActiveCfg = Debug|Any CPU
		{71AAF404-69D5-4E14-A99E-FE67B6F152E9}.Debug|iPhone.Build.0 = Debug|Any CPU
		{71AAF404-69D5-4E14-A99E-FE67B6F152E9}.Debug|iPhoneSimulator.ActiveCfg = Debug|Any CPU
		{71AAF404-69D5-4E14-A99E-FE67B6F152E9}.Debug|iPhoneSimulator.Build.0 = Debug|Any CPU
		{71AAF404-69D5-4E14-A99E-FE67B6F152E9}.Debug|x64.ActiveCfg = Debug|Any CPU
		{71AAF404-69D5-4E14-A99E-FE67B6F152E9}.Debug|x64.Build.0 = Debug|Any CPU
		{71AAF404-69D5-4E14-A99E-FE67B6F152E9}.Debug|x86.ActiveCfg = Debug|Any CPU
		{71AAF404-69D5-4E14-A99E-FE67B6F152E9}.Debug|x86.Build.0 = Debug|Any CPU
		{71AAF404-69D5-4E14-A99E-FE67B6F152E9}.Release|Any CPU.ActiveCfg = Release|Any CPU
		{71AAF404-69D5-4E14-A99E-FE67B6F152E9}.Release|Any CPU.Build.0 = Release|Any CPU
		{71AAF404-69D5-4E14-A99E-FE67B6F152E9}.Release|ARM.ActiveCfg = Release|Any CPU
		{71AAF404-69D5-4E14-A99E-FE67B6F152E9}.Release|ARM.Build.0 = Release|Any CPU
		{71AAF404-69D5-4E14-A99E-FE67B6F152E9}.Release|iPhone.ActiveCfg = Release|Any CPU
		{71AAF404-69D5-4E14-A99E-FE67B6F152E9}.Release|iPhone.Build.0 = Release|Any CPU
		{71AAF404-69D5-4E14-A99E-FE67B6F152E9}.Release|iPhoneSimulator.ActiveCfg = Release|Any CPU
		{71AAF404-69D5-4E14-A99E-FE67B6F152E9}.Release|iPhoneSimulator.Build.0 = Release|Any CPU
		{71AAF404-69D5-4E14-A99E-FE67B6F152E9}.Release|x64.ActiveCfg = Release|Any CPU
		{71AAF404-69D5-4E14-A99E-FE67B6F152E9}.Release|x64.Build.0 = Release|Any CPU
		{71AAF404-69D5-4E14-A99E-FE67B6F152E9}.Release|x86.ActiveCfg = Release|Any CPU
		{71AAF404-69D5-4E14-A99E-FE67B6F152E9}.Release|x86.Build.0 = Release|Any CPU
		{AA905888-FFF7-44E9-94B7-5A8FBFADFDA6}.Ad-Hoc|Any CPU.ActiveCfg = Release|x86
		{AA905888-FFF7-44E9-94B7-5A8FBFADFDA6}.Ad-Hoc|Any CPU.Build.0 = Release|x86
		{AA905888-FFF7-44E9-94B7-5A8FBFADFDA6}.Ad-Hoc|Any CPU.Deploy.0 = Release|x86
		{AA905888-FFF7-44E9-94B7-5A8FBFADFDA6}.Ad-Hoc|ARM.ActiveCfg = Release|ARM
		{AA905888-FFF7-44E9-94B7-5A8FBFADFDA6}.Ad-Hoc|ARM.Build.0 = Release|ARM
		{AA905888-FFF7-44E9-94B7-5A8FBFADFDA6}.Ad-Hoc|ARM.Deploy.0 = Release|ARM
		{AA905888-FFF7-44E9-94B7-5A8FBFADFDA6}.Ad-Hoc|iPhone.ActiveCfg = Release|x86
		{AA905888-FFF7-44E9-94B7-5A8FBFADFDA6}.Ad-Hoc|iPhone.Build.0 = Release|x86
		{AA905888-FFF7-44E9-94B7-5A8FBFADFDA6}.Ad-Hoc|iPhone.Deploy.0 = Release|x86
		{AA905888-FFF7-44E9-94B7-5A8FBFADFDA6}.Ad-Hoc|iPhoneSimulator.ActiveCfg = Release|x86
		{AA905888-FFF7-44E9-94B7-5A8FBFADFDA6}.Ad-Hoc|iPhoneSimulator.Build.0 = Release|x86
		{AA905888-FFF7-44E9-94B7-5A8FBFADFDA6}.Ad-Hoc|iPhoneSimulator.Deploy.0 = Release|x86
		{AA905888-FFF7-44E9-94B7-5A8FBFADFDA6}.Ad-Hoc|x64.ActiveCfg = Release|x64
		{AA905888-FFF7-44E9-94B7-5A8FBFADFDA6}.Ad-Hoc|x64.Build.0 = Release|x64
		{AA905888-FFF7-44E9-94B7-5A8FBFADFDA6}.Ad-Hoc|x64.Deploy.0 = Release|x64
		{AA905888-FFF7-44E9-94B7-5A8FBFADFDA6}.Ad-Hoc|x86.ActiveCfg = Release|x86
		{AA905888-FFF7-44E9-94B7-5A8FBFADFDA6}.Ad-Hoc|x86.Build.0 = Release|x86
		{AA905888-FFF7-44E9-94B7-5A8FBFADFDA6}.Ad-Hoc|x86.Deploy.0 = Release|x86
		{AA905888-FFF7-44E9-94B7-5A8FBFADFDA6}.AppStore|Any CPU.ActiveCfg = Release|x86
		{AA905888-FFF7-44E9-94B7-5A8FBFADFDA6}.AppStore|Any CPU.Build.0 = Release|x86
		{AA905888-FFF7-44E9-94B7-5A8FBFADFDA6}.AppStore|Any CPU.Deploy.0 = Release|x86
		{AA905888-FFF7-44E9-94B7-5A8FBFADFDA6}.AppStore|ARM.ActiveCfg = Release|ARM
		{AA905888-FFF7-44E9-94B7-5A8FBFADFDA6}.AppStore|ARM.Build.0 = Release|ARM
		{AA905888-FFF7-44E9-94B7-5A8FBFADFDA6}.AppStore|ARM.Deploy.0 = Release|ARM
		{AA905888-FFF7-44E9-94B7-5A8FBFADFDA6}.AppStore|iPhone.ActiveCfg = Release|x86
		{AA905888-FFF7-44E9-94B7-5A8FBFADFDA6}.AppStore|iPhone.Build.0 = Release|x86
		{AA905888-FFF7-44E9-94B7-5A8FBFADFDA6}.AppStore|iPhone.Deploy.0 = Release|x86
		{AA905888-FFF7-44E9-94B7-5A8FBFADFDA6}.AppStore|iPhoneSimulator.ActiveCfg = Release|x86
		{AA905888-FFF7-44E9-94B7-5A8FBFADFDA6}.AppStore|iPhoneSimulator.Build.0 = Release|x86
		{AA905888-FFF7-44E9-94B7-5A8FBFADFDA6}.AppStore|iPhoneSimulator.Deploy.0 = Release|x86
		{AA905888-FFF7-44E9-94B7-5A8FBFADFDA6}.AppStore|x64.ActiveCfg = Release|x64
		{AA905888-FFF7-44E9-94B7-5A8FBFADFDA6}.AppStore|x64.Build.0 = Release|x64
		{AA905888-FFF7-44E9-94B7-5A8FBFADFDA6}.AppStore|x64.Deploy.0 = Release|x64
		{AA905888-FFF7-44E9-94B7-5A8FBFADFDA6}.AppStore|x86.ActiveCfg = Release|x86
		{AA905888-FFF7-44E9-94B7-5A8FBFADFDA6}.AppStore|x86.Build.0 = Release|x86
		{AA905888-FFF7-44E9-94B7-5A8FBFADFDA6}.AppStore|x86.Deploy.0 = Release|x86
		{AA905888-FFF7-44E9-94B7-5A8FBFADFDA6}.Debug|Any CPU.ActiveCfg = Debug|x86
		{AA905888-FFF7-44E9-94B7-5A8FBFADFDA6}.Debug|ARM.ActiveCfg = Debug|ARM
		{AA905888-FFF7-44E9-94B7-5A8FBFADFDA6}.Debug|ARM.Build.0 = Debug|ARM
		{AA905888-FFF7-44E9-94B7-5A8FBFADFDA6}.Debug|ARM.Deploy.0 = Debug|ARM
		{AA905888-FFF7-44E9-94B7-5A8FBFADFDA6}.Debug|iPhone.ActiveCfg = Debug|x86
		{AA905888-FFF7-44E9-94B7-5A8FBFADFDA6}.Debug|iPhoneSimulator.ActiveCfg = Debug|x86
		{AA905888-FFF7-44E9-94B7-5A8FBFADFDA6}.Debug|x64.ActiveCfg = Debug|x64
		{AA905888-FFF7-44E9-94B7-5A8FBFADFDA6}.Debug|x64.Build.0 = Debug|x64
		{AA905888-FFF7-44E9-94B7-5A8FBFADFDA6}.Debug|x64.Deploy.0 = Debug|x64
		{AA905888-FFF7-44E9-94B7-5A8FBFADFDA6}.Debug|x86.ActiveCfg = Debug|x86
		{AA905888-FFF7-44E9-94B7-5A8FBFADFDA6}.Debug|x86.Build.0 = Debug|x86
		{AA905888-FFF7-44E9-94B7-5A8FBFADFDA6}.Debug|x86.Deploy.0 = Debug|x86
		{AA905888-FFF7-44E9-94B7-5A8FBFADFDA6}.Release|Any CPU.ActiveCfg = Release|x86
		{AA905888-FFF7-44E9-94B7-5A8FBFADFDA6}.Release|ARM.ActiveCfg = Release|ARM
		{AA905888-FFF7-44E9-94B7-5A8FBFADFDA6}.Release|ARM.Build.0 = Release|ARM
		{AA905888-FFF7-44E9-94B7-5A8FBFADFDA6}.Release|ARM.Deploy.0 = Release|ARM
		{AA905888-FFF7-44E9-94B7-5A8FBFADFDA6}.Release|iPhone.ActiveCfg = Release|x86
		{AA905888-FFF7-44E9-94B7-5A8FBFADFDA6}.Release|iPhoneSimulator.ActiveCfg = Release|x86
		{AA905888-FFF7-44E9-94B7-5A8FBFADFDA6}.Release|x64.ActiveCfg = Release|x64
		{AA905888-FFF7-44E9-94B7-5A8FBFADFDA6}.Release|x64.Build.0 = Release|x64
		{AA905888-FFF7-44E9-94B7-5A8FBFADFDA6}.Release|x64.Deploy.0 = Release|x64
		{AA905888-FFF7-44E9-94B7-5A8FBFADFDA6}.Release|x86.ActiveCfg = Release|x86
		{AA905888-FFF7-44E9-94B7-5A8FBFADFDA6}.Release|x86.Build.0 = Release|x86
		{AA905888-FFF7-44E9-94B7-5A8FBFADFDA6}.Release|x86.Deploy.0 = Release|x86
		{FAB28878-B1CB-4DA7-9624-05CCB7D4803B}.Ad-Hoc|Any CPU.ActiveCfg = Ad-Hoc|iPhone
		{FAB28878-B1CB-4DA7-9624-05CCB7D4803B}.Ad-Hoc|ARM.ActiveCfg = Ad-Hoc|iPhone
		{FAB28878-B1CB-4DA7-9624-05CCB7D4803B}.Ad-Hoc|iPhone.ActiveCfg = Ad-Hoc|iPhone
		{FAB28878-B1CB-4DA7-9624-05CCB7D4803B}.Ad-Hoc|iPhone.Build.0 = Ad-Hoc|iPhone
		{FAB28878-B1CB-4DA7-9624-05CCB7D4803B}.Ad-Hoc|iPhoneSimulator.ActiveCfg = Ad-Hoc|iPhoneSimulator
		{FAB28878-B1CB-4DA7-9624-05CCB7D4803B}.Ad-Hoc|iPhoneSimulator.Build.0 = Ad-Hoc|iPhoneSimulator
		{FAB28878-B1CB-4DA7-9624-05CCB7D4803B}.Ad-Hoc|x64.ActiveCfg = Ad-Hoc|iPhone
		{FAB28878-B1CB-4DA7-9624-05CCB7D4803B}.Ad-Hoc|x86.ActiveCfg = Ad-Hoc|iPhone
		{FAB28878-B1CB-4DA7-9624-05CCB7D4803B}.AppStore|Any CPU.ActiveCfg = AppStore|iPhone
		{FAB28878-B1CB-4DA7-9624-05CCB7D4803B}.AppStore|ARM.ActiveCfg = AppStore|iPhone
		{FAB28878-B1CB-4DA7-9624-05CCB7D4803B}.AppStore|iPhone.ActiveCfg = AppStore|iPhone
		{FAB28878-B1CB-4DA7-9624-05CCB7D4803B}.AppStore|iPhone.Build.0 = AppStore|iPhone
		{FAB28878-B1CB-4DA7-9624-05CCB7D4803B}.AppStore|iPhoneSimulator.ActiveCfg = AppStore|iPhoneSimulator
		{FAB28878-B1CB-4DA7-9624-05CCB7D4803B}.AppStore|iPhoneSimulator.Build.0 = AppStore|iPhoneSimulator
		{FAB28878-B1CB-4DA7-9624-05CCB7D4803B}.AppStore|x64.ActiveCfg = AppStore|iPhone
		{FAB28878-B1CB-4DA7-9624-05CCB7D4803B}.AppStore|x86.ActiveCfg = AppStore|iPhone
		{FAB28878-B1CB-4DA7-9624-05CCB7D4803B}.Debug|Any CPU.ActiveCfg = Debug|iPhone
		{FAB28878-B1CB-4DA7-9624-05CCB7D4803B}.Debug|ARM.ActiveCfg = Debug|iPhone
		{FAB28878-B1CB-4DA7-9624-05CCB7D4803B}.Debug|iPhone.ActiveCfg = Debug|iPhone
		{FAB28878-B1CB-4DA7-9624-05CCB7D4803B}.Debug|iPhone.Build.0 = Debug|iPhone
		{FAB28878-B1CB-4DA7-9624-05CCB7D4803B}.Debug|iPhoneSimulator.ActiveCfg = Debug|iPhoneSimulator
		{FAB28878-B1CB-4DA7-9624-05CCB7D4803B}.Debug|iPhoneSimulator.Build.0 = Debug|iPhoneSimulator
		{FAB28878-B1CB-4DA7-9624-05CCB7D4803B}.Debug|x64.ActiveCfg = Debug|iPhone
		{FAB28878-B1CB-4DA7-9624-05CCB7D4803B}.Debug|x86.ActiveCfg = Debug|iPhone
		{FAB28878-B1CB-4DA7-9624-05CCB7D4803B}.Release|Any CPU.ActiveCfg = Release|iPhone
		{FAB28878-B1CB-4DA7-9624-05CCB7D4803B}.Release|ARM.ActiveCfg = Release|iPhone
		{FAB28878-B1CB-4DA7-9624-05CCB7D4803B}.Release|iPhone.ActiveCfg = Release|iPhone
		{FAB28878-B1CB-4DA7-9624-05CCB7D4803B}.Release|iPhone.Build.0 = Release|iPhone
		{FAB28878-B1CB-4DA7-9624-05CCB7D4803B}.Release|iPhoneSimulator.ActiveCfg = Release|iPhoneSimulator
		{FAB28878-B1CB-4DA7-9624-05CCB7D4803B}.Release|iPhoneSimulator.Build.0 = Release|iPhoneSimulator
		{FAB28878-B1CB-4DA7-9624-05CCB7D4803B}.Release|x64.ActiveCfg = Release|iPhone
		{FAB28878-B1CB-4DA7-9624-05CCB7D4803B}.Release|x86.ActiveCfg = Release|iPhone
		{75B84C8D-B922-4976-ACDB-612F50B72955}.Ad-Hoc|Any CPU.ActiveCfg = Release|Any CPU
		{75B84C8D-B922-4976-ACDB-612F50B72955}.Ad-Hoc|Any CPU.Build.0 = Release|Any CPU
		{75B84C8D-B922-4976-ACDB-612F50B72955}.Ad-Hoc|ARM.ActiveCfg = Release|Any CPU
		{75B84C8D-B922-4976-ACDB-612F50B72955}.Ad-Hoc|ARM.Build.0 = Release|Any CPU
		{75B84C8D-B922-4976-ACDB-612F50B72955}.Ad-Hoc|iPhone.ActiveCfg = Release|Any CPU
		{75B84C8D-B922-4976-ACDB-612F50B72955}.Ad-Hoc|iPhone.Build.0 = Release|Any CPU
		{75B84C8D-B922-4976-ACDB-612F50B72955}.Ad-Hoc|iPhoneSimulator.ActiveCfg = Release|Any CPU
		{75B84C8D-B922-4976-ACDB-612F50B72955}.Ad-Hoc|iPhoneSimulator.Build.0 = Release|Any CPU
		{75B84C8D-B922-4976-ACDB-612F50B72955}.Ad-Hoc|x64.ActiveCfg = Release|Any CPU
		{75B84C8D-B922-4976-ACDB-612F50B72955}.Ad-Hoc|x64.Build.0 = Release|Any CPU
		{75B84C8D-B922-4976-ACDB-612F50B72955}.Ad-Hoc|x86.ActiveCfg = Release|Any CPU
		{75B84C8D-B922-4976-ACDB-612F50B72955}.Ad-Hoc|x86.Build.0 = Release|Any CPU
		{75B84C8D-B922-4976-ACDB-612F50B72955}.AppStore|Any CPU.ActiveCfg = Release|Any CPU
		{75B84C8D-B922-4976-ACDB-612F50B72955}.AppStore|Any CPU.Build.0 = Release|Any CPU
		{75B84C8D-B922-4976-ACDB-612F50B72955}.AppStore|ARM.ActiveCfg = Release|Any CPU
		{75B84C8D-B922-4976-ACDB-612F50B72955}.AppStore|ARM.Build.0 = Release|Any CPU
		{75B84C8D-B922-4976-ACDB-612F50B72955}.AppStore|iPhone.ActiveCfg = Release|Any CPU
		{75B84C8D-B922-4976-ACDB-612F50B72955}.AppStore|iPhone.Build.0 = Release|Any CPU
		{75B84C8D-B922-4976-ACDB-612F50B72955}.AppStore|iPhoneSimulator.ActiveCfg = Release|Any CPU
		{75B84C8D-B922-4976-ACDB-612F50B72955}.AppStore|iPhoneSimulator.Build.0 = Release|Any CPU
		{75B84C8D-B922-4976-ACDB-612F50B72955}.AppStore|x64.ActiveCfg = Release|Any CPU
		{75B84C8D-B922-4976-ACDB-612F50B72955}.AppStore|x64.Build.0 = Release|Any CPU
		{75B84C8D-B922-4976-ACDB-612F50B72955}.AppStore|x86.ActiveCfg = Release|Any CPU
		{75B84C8D-B922-4976-ACDB-612F50B72955}.AppStore|x86.Build.0 = Release|Any CPU
		{75B84C8D-B922-4976-ACDB-612F50B72955}.Debug|Any CPU.ActiveCfg = Debug|Any CPU
		{75B84C8D-B922-4976-ACDB-612F50B72955}.Debug|Any CPU.Build.0 = Debug|Any CPU
		{75B84C8D-B922-4976-ACDB-612F50B72955}.Debug|ARM.ActiveCfg = Debug|Any CPU
		{75B84C8D-B922-4976-ACDB-612F50B72955}.Debug|ARM.Build.0 = Debug|Any CPU
		{75B84C8D-B922-4976-ACDB-612F50B72955}.Debug|iPhone.ActiveCfg = Debug|Any CPU
		{75B84C8D-B922-4976-ACDB-612F50B72955}.Debug|iPhone.Build.0 = Debug|Any CPU
		{75B84C8D-B922-4976-ACDB-612F50B72955}.Debug|iPhoneSimulator.ActiveCfg = Debug|Any CPU
		{75B84C8D-B922-4976-ACDB-612F50B72955}.Debug|iPhoneSimulator.Build.0 = Debug|Any CPU
		{75B84C8D-B922-4976-ACDB-612F50B72955}.Debug|x64.ActiveCfg = Debug|Any CPU
		{75B84C8D-B922-4976-ACDB-612F50B72955}.Debug|x64.Build.0 = Debug|Any CPU
		{75B84C8D-B922-4976-ACDB-612F50B72955}.Debug|x86.ActiveCfg = Debug|Any CPU
		{75B84C8D-B922-4976-ACDB-612F50B72955}.Debug|x86.Build.0 = Debug|Any CPU
		{75B84C8D-B922-4976-ACDB-612F50B72955}.Release|Any CPU.ActiveCfg = Release|Any CPU
		{75B84C8D-B922-4976-ACDB-612F50B72955}.Release|Any CPU.Build.0 = Release|Any CPU
		{75B84C8D-B922-4976-ACDB-612F50B72955}.Release|ARM.ActiveCfg = Release|Any CPU
		{75B84C8D-B922-4976-ACDB-612F50B72955}.Release|ARM.Build.0 = Release|Any CPU
		{75B84C8D-B922-4976-ACDB-612F50B72955}.Release|iPhone.ActiveCfg = Release|Any CPU
		{75B84C8D-B922-4976-ACDB-612F50B72955}.Release|iPhone.Build.0 = Release|Any CPU
		{75B84C8D-B922-4976-ACDB-612F50B72955}.Release|iPhoneSimulator.ActiveCfg = Release|Any CPU
		{75B84C8D-B922-4976-ACDB-612F50B72955}.Release|iPhoneSimulator.Build.0 = Release|Any CPU
		{75B84C8D-B922-4976-ACDB-612F50B72955}.Release|x64.ActiveCfg = Release|Any CPU
		{75B84C8D-B922-4976-ACDB-612F50B72955}.Release|x64.Build.0 = Release|Any CPU
		{75B84C8D-B922-4976-ACDB-612F50B72955}.Release|x86.ActiveCfg = Release|Any CPU
		{75B84C8D-B922-4976-ACDB-612F50B72955}.Release|x86.Build.0 = Release|Any CPU
	EndGlobalSection
	GlobalSection(SolutionProperties) = preSolution
		HideSolutionNode = FALSE
	EndGlobalSection
	GlobalSection(NestedProjects) = preSolution
		{71AAF404-69D5-4E14-A99E-FE67B6F152E9} = {E6335877-8FCB-4444-BDDB-B159FB6FD6EC}
		{75B84C8D-B922-4976-ACDB-612F50B72955} = {E6335877-8FCB-4444-BDDB-B159FB6FD6EC}
	EndGlobalSection
	GlobalSection(ExtensibilityGlobals) = postSolution
		SolutionGuid = {A6692EA9-3D2F-41F9-8153-C58DCCE6AFBD}
	EndGlobalSection
EndGlobal
